
Microsoft Visual Studio Solution File, Format Version 11.00
# Visual Studio 2010
Project("{FAE04EC0-301F-11D3-BF4B-00C04F79EFBC}") = "Assembly-CSharp", "Assembly-CSharp.csproj", "{77679c9d-be55-c61f-1eb1-1a1621242cc7}"
EndProject
Global
	GlobalSection(SolutionConfigurationPlatforms) = preSolution
		Debug|Any CPU = Debug|Any CPU
		Release|Any CPU = Release|Any CPU
	EndGlobalSection
	GlobalSection(ProjectConfigurationPlatforms) = postSolution
		{77679c9d-be55-c61f-1eb1-1a1621242cc7}.Debug|Any CPU.ActiveCfg = Debug|Any CPU
		{77679c9d-be55-c61f-1eb1-1a1621242cc7}.Debug|Any CPU.Build.0 = Debug|Any CPU
		{77679c9d-be55-c61f-1eb1-1a1621242cc7}.Release|Any CPU.ActiveCfg = Release|Any CPU
		{77679c9d-be55-c61f-1eb1-1a1621242cc7}.Release|Any CPU.Build.0 = Release|Any CPU
	EndGlobalSection
	GlobalSection(SolutionProperties) = preSolution
		HideSolutionNode = FALSE
	EndGlobalSection
EndGlobal
